
Microsoft Visual Studio Solution File, Format Version 12.00
# Visual Studio Version 17
VisualStudioVersion = 17.11.35327.3
MinimumVisualStudioVersion = 10.0.40219.1
Project("{FAE04EC0-301F-11D3-BF4B-00C04F79EFBC}") = "Votacao", "Votacao.csproj", "{EBBFDDBD-1503-474F-8164-1ACD8FE1A9BD}"
EndProject
Global
	GlobalSection(SolutionConfigurationPlatforms) = preSolution
		Debug|Any CPU = Debug|Any CPU
		Release|Any CPU = Release|Any CPU
	EndGlobalSection
	GlobalSection(ProjectConfigurationPlatforms) = postSolution
		{EBBFDDBD-1503-474F-8164-1ACD8FE1A9BD}.Debug|Any CPU.ActiveCfg = Debug|Any CPU
		{EBBFDDBD-1503-474F-8164-1ACD8FE1A9BD}.Debug|Any CPU.Build.0 = Debug|Any CPU
		{EBBFDDBD-1503-474F-8164-1ACD8FE1A9BD}.Release|Any CPU.ActiveCfg = Release|Any CPU
		{EBBFDDBD-1503-474F-8164-1ACD8FE1A9BD}.Release|Any CPU.Build.0 = Release|Any CPU
	EndGlobalSection
	GlobalSection(SolutionProperties) = preSolution
		HideSolutionNode = FALSE
	EndGlobalSection
	GlobalSection(ExtensibilityGlobals) = postSolution
		SolutionGuid = {2314F9C5-E21E-4246-BCFB-DFFF7D0003A8}
	EndGlobalSection
EndGlobal
