
Microsoft Visual Studio Solution File, Format Version 12.00
# Visual Studio Version 17
VisualStudioVersion = 17.11.35327.3
MinimumVisualStudioVersion = 10.0.40219.1
Project("{FAE04EC0-301F-11D3-BF4B-00C04F79EFBC}") = "Ex014", "Ex014.csproj", "{FF5CC250-DC50-4B12-9A3A-8CA91ACC159E}"
EndProject
Global
	GlobalSection(SolutionConfigurationPlatforms) = preSolution
		Debug|Any CPU = Debug|Any CPU
		Release|Any CPU = Release|Any CPU
	EndGlobalSection
	GlobalSection(ProjectConfigurationPlatforms) = postSolution
		{FF5CC250-DC50-4B12-9A3A-8CA91ACC159E}.Debug|Any CPU.ActiveCfg = Debug|Any CPU
		{FF5CC250-DC50-4B12-9A3A-8CA91ACC159E}.Debug|Any CPU.Build.0 = Debug|Any CPU
		{FF5CC250-DC50-4B12-9A3A-8CA91ACC159E}.Release|Any CPU.ActiveCfg = Release|Any CPU
		{FF5CC250-DC50-4B12-9A3A-8CA91ACC159E}.Release|Any CPU.Build.0 = Release|Any CPU
	EndGlobalSection
	GlobalSection(SolutionProperties) = preSolution
		HideSolutionNode = FALSE
	EndGlobalSection
	GlobalSection(ExtensibilityGlobals) = postSolution
		SolutionGuid = {B76B8FC3-1BBB-4F04-9B3A-E7D20CA79DF5}
	EndGlobalSection
EndGlobal
