
Microsoft Visual Studio Solution File, Format Version 12.00
# Visual Studio Version 17
VisualStudioVersion = 17.11.35327.3
MinimumVisualStudioVersion = 10.0.40219.1
Project("{FAE04EC0-301F-11D3-BF4B-00C04F79EFBC}") = "Contador", "Contador.csproj", "{03031CFA-8341-4192-B610-3A5E8A3BA075}"
EndProject
Global
	GlobalSection(SolutionConfigurationPlatforms) = preSolution
		Debug|Any CPU = Debug|Any CPU
		Release|Any CPU = Release|Any CPU
	EndGlobalSection
	GlobalSection(ProjectConfigurationPlatforms) = postSolution
		{03031CFA-8341-4192-B610-3A5E8A3BA075}.Debug|Any CPU.ActiveCfg = Debug|Any CPU
		{03031CFA-8341-4192-B610-3A5E8A3BA075}.Debug|Any CPU.Build.0 = Debug|Any CPU
		{03031CFA-8341-4192-B610-3A5E8A3BA075}.Release|Any CPU.ActiveCfg = Release|Any CPU
		{03031CFA-8341-4192-B610-3A5E8A3BA075}.Release|Any CPU.Build.0 = Release|Any CPU
	EndGlobalSection
	GlobalSection(SolutionProperties) = preSolution
		HideSolutionNode = FALSE
	EndGlobalSection
	GlobalSection(ExtensibilityGlobals) = postSolution
		SolutionGuid = {969F7931-70DF-45D3-BA58-6B10CF9977CE}
	EndGlobalSection
EndGlobal
